
Microsoft Visual Studio Solution File, Format Version 12.00
# Visual Studio Version 17
VisualStudioVersion = 17.0.31903.59
MinimumVisualStudioVersion = 10.0.40219.1
Project("{2150E333-8FDC-42A3-9474-1A3956D46DE8}") = "src", "src", "{466DC580-FFE6-4AF9-910B-38690D342A0C}"
EndProject
Project("{FAE04EC0-301F-11D3-BF4B-00C04F79EFBC}") = "AuctionService", "src\AuctionService\AuctionService.csproj", "{0A17408B-21FF-4167-B89B-1FB4654C6071}"
EndProject
Project("{FAE04EC0-301F-11D3-BF4B-00C04F79EFBC}") = "SearchService", "src\SearchService\SearchService.csproj", "{78557F65-4C61-4639-9A14-8A31591CBBB7}"
EndProject
Global
	GlobalSection(SolutionConfigurationPlatforms) = preSolution
		Debug|Any CPU = Debug|Any CPU
		Release|Any CPU = Release|Any CPU
	EndGlobalSection
	GlobalSection(SolutionProperties) = preSolution
		HideSolutionNode = FALSE
	EndGlobalSection
	GlobalSection(ProjectConfigurationPlatforms) = postSolution
		{0A17408B-21FF-4167-B89B-1FB4654C6071}.Debug|Any CPU.ActiveCfg = Debug|Any CPU
		{0A17408B-21FF-4167-B89B-1FB4654C6071}.Debug|Any CPU.Build.0 = Debug|Any CPU
		{0A17408B-21FF-4167-B89B-1FB4654C6071}.Release|Any CPU.ActiveCfg = Release|Any CPU
		{0A17408B-21FF-4167-B89B-1FB4654C6071}.Release|Any CPU.Build.0 = Release|Any CPU
		{78557F65-4C61-4639-9A14-8A31591CBBB7}.Debug|Any CPU.ActiveCfg = Debug|Any CPU
		{78557F65-4C61-4639-9A14-8A31591CBBB7}.Debug|Any CPU.Build.0 = Debug|Any CPU
		{78557F65-4C61-4639-9A14-8A31591CBBB7}.Release|Any CPU.ActiveCfg = Release|Any CPU
		{78557F65-4C61-4639-9A14-8A31591CBBB7}.Release|Any CPU.Build.0 = Release|Any CPU
	EndGlobalSection
	GlobalSection(NestedProjects) = preSolution
		{0A17408B-21FF-4167-B89B-1FB4654C6071} = {466DC580-FFE6-4AF9-910B-38690D342A0C}
		{78557F65-4C61-4639-9A14-8A31591CBBB7} = {466DC580-FFE6-4AF9-910B-38690D342A0C}
	EndGlobalSection
EndGlobal
