
Microsoft Visual Studio Solution File, Format Version 12.00
# Visual Studio Version 17
VisualStudioVersion = 17.0.31903.59
MinimumVisualStudioVersion = 10.0.40219.1
Project("{2150E333-8FDC-42A3-9474-1A3956D46DE8}") = "src", "src", "{466DC580-FFE6-4AF9-910B-38690D342A0C}"
EndProject
Project("{FAE04EC0-301F-11D3-BF4B-00C04F79EFBC}") = "AuctionService", "src\AuctionService\AuctionService.csproj", "{0A17408B-21FF-4167-B89B-1FB4654C6071}"
EndProject
Project("{FAE04EC0-301F-11D3-BF4B-00C04F79EFBC}") = "SearchService", "src\SearchService\SearchService.csproj", "{78557F65-4C61-4639-9A14-8A31591CBBB7}"
EndProject
Project("{FAE04EC0-301F-11D3-BF4B-00C04F79EFBC}") = "Contracts", "src\Contracts\Contracts.csproj", "{4DB3C380-AE8E-4F91-BB3A-62E6B4599471}"
EndProject
Project("{FAE04EC0-301F-11D3-BF4B-00C04F79EFBC}") = "IdentityService", "src\IdentityService\IdentityService.csproj", "{648324D9-7590-41DE-A8EC-2BA784F20FF8}"
EndProject
Project("{FAE04EC0-301F-11D3-BF4B-00C04F79EFBC}") = "GatewayService", "src\GatewayService\GatewayService.csproj", "{8DD53675-F2D0-4CAA-9248-0A199A7217EA}"
EndProject
Project("{FAE04EC0-301F-11D3-BF4B-00C04F79EFBC}") = "BiddingService", "src\BiddingService\BiddingService.csproj", "{2E588066-6955-4424-841C-A9E5E8DFDC3D}"
EndProject
Global
	GlobalSection(SolutionConfigurationPlatforms) = preSolution
		Debug|Any CPU = Debug|Any CPU
		Release|Any CPU = Release|Any CPU
	EndGlobalSection
	GlobalSection(SolutionProperties) = preSolution
		HideSolutionNode = FALSE
	EndGlobalSection
	GlobalSection(ProjectConfigurationPlatforms) = postSolution
		{0A17408B-21FF-4167-B89B-1FB4654C6071}.Debug|Any CPU.ActiveCfg = Debug|Any CPU
		{0A17408B-21FF-4167-B89B-1FB4654C6071}.Debug|Any CPU.Build.0 = Debug|Any CPU
		{0A17408B-21FF-4167-B89B-1FB4654C6071}.Release|Any CPU.ActiveCfg = Release|Any CPU
		{0A17408B-21FF-4167-B89B-1FB4654C6071}.Release|Any CPU.Build.0 = Release|Any CPU
		{78557F65-4C61-4639-9A14-8A31591CBBB7}.Debug|Any CPU.ActiveCfg = Debug|Any CPU
		{78557F65-4C61-4639-9A14-8A31591CBBB7}.Debug|Any CPU.Build.0 = Debug|Any CPU
		{78557F65-4C61-4639-9A14-8A31591CBBB7}.Release|Any CPU.ActiveCfg = Release|Any CPU
		{78557F65-4C61-4639-9A14-8A31591CBBB7}.Release|Any CPU.Build.0 = Release|Any CPU
		{4DB3C380-AE8E-4F91-BB3A-62E6B4599471}.Debug|Any CPU.ActiveCfg = Debug|Any CPU
		{4DB3C380-AE8E-4F91-BB3A-62E6B4599471}.Debug|Any CPU.Build.0 = Debug|Any CPU
		{4DB3C380-AE8E-4F91-BB3A-62E6B4599471}.Release|Any CPU.ActiveCfg = Release|Any CPU
		{4DB3C380-AE8E-4F91-BB3A-62E6B4599471}.Release|Any CPU.Build.0 = Release|Any CPU
		{648324D9-7590-41DE-A8EC-2BA784F20FF8}.Debug|Any CPU.ActiveCfg = Debug|Any CPU
		{648324D9-7590-41DE-A8EC-2BA784F20FF8}.Debug|Any CPU.Build.0 = Debug|Any CPU
		{648324D9-7590-41DE-A8EC-2BA784F20FF8}.Release|Any CPU.ActiveCfg = Release|Any CPU
		{648324D9-7590-41DE-A8EC-2BA784F20FF8}.Release|Any CPU.Build.0 = Release|Any CPU
		{8DD53675-F2D0-4CAA-9248-0A199A7217EA}.Debug|Any CPU.ActiveCfg = Debug|Any CPU
		{8DD53675-F2D0-4CAA-9248-0A199A7217EA}.Debug|Any CPU.Build.0 = Debug|Any CPU
		{8DD53675-F2D0-4CAA-9248-0A199A7217EA}.Release|Any CPU.ActiveCfg = Release|Any CPU
		{8DD53675-F2D0-4CAA-9248-0A199A7217EA}.Release|Any CPU.Build.0 = Release|Any CPU
		{2E588066-6955-4424-841C-A9E5E8DFDC3D}.Debug|Any CPU.ActiveCfg = Debug|Any CPU
		{2E588066-6955-4424-841C-A9E5E8DFDC3D}.Debug|Any CPU.Build.0 = Debug|Any CPU
		{2E588066-6955-4424-841C-A9E5E8DFDC3D}.Release|Any CPU.ActiveCfg = Release|Any CPU
		{2E588066-6955-4424-841C-A9E5E8DFDC3D}.Release|Any CPU.Build.0 = Release|Any CPU
	EndGlobalSection
	GlobalSection(NestedProjects) = preSolution
		{0A17408B-21FF-4167-B89B-1FB4654C6071} = {466DC580-FFE6-4AF9-910B-38690D342A0C}
		{78557F65-4C61-4639-9A14-8A31591CBBB7} = {466DC580-FFE6-4AF9-910B-38690D342A0C}
		{4DB3C380-AE8E-4F91-BB3A-62E6B4599471} = {466DC580-FFE6-4AF9-910B-38690D342A0C}
		{648324D9-7590-41DE-A8EC-2BA784F20FF8} = {466DC580-FFE6-4AF9-910B-38690D342A0C}
		{8DD53675-F2D0-4CAA-9248-0A199A7217EA} = {466DC580-FFE6-4AF9-910B-38690D342A0C}
		{2E588066-6955-4424-841C-A9E5E8DFDC3D} = {466DC580-FFE6-4AF9-910B-38690D342A0C}
	EndGlobalSection
EndGlobal
